
Microsoft Visual Studio Solution File, Format Version 12.00
# Visual Studio Version 17
VisualStudioVersion = 17.3.32901.215
MinimumVisualStudioVersion = 10.0.40219.1
Project("{FAE04EC0-301F-11D3-BF4B-00C04F79EFBC}") = "AdventOfCode2022", "AdventOfCode2022.csproj", "{3BD45D30-06F9-4363-A721-DD8815DA53E8}"
EndProject
Global
	GlobalSection(SolutionConfigurationPlatforms) = preSolution
		Debug|Any CPU = Debug|Any CPU
		Release|Any CPU = Release|Any CPU
	EndGlobalSection
	GlobalSection(ProjectConfigurationPlatforms) = postSolution
		{3BD45D30-06F9-4363-A721-DD8815DA53E8}.Debug|Any CPU.ActiveCfg = Debug|Any CPU
		{3BD45D30-06F9-4363-A721-DD8815DA53E8}.Debug|Any CPU.Build.0 = Debug|Any CPU
		{3BD45D30-06F9-4363-A721-DD8815DA53E8}.Release|Any CPU.ActiveCfg = Release|Any CPU
		{3BD45D30-06F9-4363-A721-DD8815DA53E8}.Release|Any CPU.Build.0 = Release|Any CPU
	EndGlobalSection
	GlobalSection(SolutionProperties) = preSolution
		HideSolutionNode = FALSE
	EndGlobalSection
	GlobalSection(ExtensibilityGlobals) = postSolution
		SolutionGuid = {494F8476-2CA2-4F37-8EE8-8EF1CEA2FBDD}
	EndGlobalSection
EndGlobal
